
Microsoft Visual Studio Solution File, Format Version 12.00
# Visual Studio 15
VisualStudioVersion = 15.0.35213.121
MinimumVisualStudioVersion = 10.0.40219.1
Project("{FAE04EC0-301F-11D3-BF4B-00C04F79EFBC}") = "Hangman", "Hangman\Hangman.csproj", "{63864D84-89EE-4172-B7FB-95A5ECE74C09}"
EndProject
Global
	GlobalSection(SolutionConfigurationPlatforms) = preSolution
		Debug|Any CPU = Debug|Any CPU
		Release|Any CPU = Release|Any CPU
	EndGlobalSection
	GlobalSection(ProjectConfigurationPlatforms) = postSolution
		{63864D84-89EE-4172-B7FB-95A5ECE74C09}.Debug|Any CPU.ActiveCfg = Debug|Any CPU
		{63864D84-89EE-4172-B7FB-95A5ECE74C09}.Debug|Any CPU.Build.0 = Debug|Any CPU
		{63864D84-89EE-4172-B7FB-95A5ECE74C09}.Release|Any CPU.ActiveCfg = Release|Any CPU
		{63864D84-89EE-4172-B7FB-95A5ECE74C09}.Release|Any CPU.Build.0 = Release|Any CPU
	EndGlobalSection
	GlobalSection(SolutionProperties) = preSolution
		HideSolutionNode = FALSE
	EndGlobalSection
	GlobalSection(ExtensibilityGlobals) = postSolution
		SolutionGuid = {C8053FE5-7499-4D41-851E-56BB4CEAE1D5}
	EndGlobalSection
EndGlobal
